{
  "version": 4,
  "terraform_version": "0.12.24",
  "serial": 79,
  "lineage": "4b4e27a6-778a-92db-e376-c4ab85b71d48",
  "outputs": {
    "instances": {
      "value": [
        "34.222.114.109",
        "34.219.188.144",
        "54.191.20.211",
        "54.184.53.96"
      ],
      "type": [
        "list",
        "string"
      ]
    }
  },
  "resources": [
    {
      "mode": "managed",
      "type": "aws_instance",
      "name": "ao",
      "each": "list",
      "provider": "provider.aws",
      "instances": [
        {
          "index_key": 0,
          "schema_version": 1,
          "attributes": {
            "ami": "ami-003d8924a33dc0fd7",
            "arn": "arn:aws:ec2:us-west-2:692905895224:instance/i-0724fafb3f5a4c023",
            "associate_public_ip_address": true,
            "availability_zone": "us-west-2a",
            "cpu_core_count": 4,
            "cpu_threads_per_core": 2,
            "credit_specification": [],
            "disable_api_termination": false,
            "ebs_block_device": [
              {
                "delete_on_termination": true,
                "device_name": "/dev/sdg",
                "encrypted": true,
                "iops": 900,
                "kms_key_id": "arn:aws:kms:us-west-2:692905895224:key/d3b42e9a-07d8-4153-92c6-7c45f2d2023c",
                "snapshot_id": "",
                "volume_id": "vol-0ba6125ab74d5a47b",
                "volume_size": 300,
                "volume_type": "gp2"
              }
            ],
            "ebs_optimized": false,
            "ephemeral_block_device": [],
            "get_password_data": false,
            "hibernation": false,
            "host_id": null,
            "iam_instance_profile": "",
            "id": "i-0724fafb3f5a4c023",
            "instance_initiated_shutdown_behavior": null,
            "instance_state": "running",
            "instance_type": "m4.2xlarge",
            "ipv6_address_count": 0,
            "ipv6_addresses": [],
            "key_name": "AO_command",
            "metadata_options": [
              {
                "http_endpoint": "enabled",
                "http_put_response_hop_limit": 1,
                "http_tokens": "optional"
              }
            ],
            "monitoring": false,
            "network_interface": [],
            "network_interface_id": null,
            "password_data": "",
            "placement_group": "",
            "primary_network_interface_id": "eni-0c175ce1e888c3338",
            "private_dns": "ip-172-31-41-165.us-west-2.compute.internal",
            "private_ip": "172.31.41.165",
            "public_dns": "ec2-34-222-114-109.us-west-2.compute.amazonaws.com",
            "public_ip": "34.222.114.109",
            "root_block_device": [
              {
                "delete_on_termination": true,
                "encrypted": false,
                "iops": 240,
                "kms_key_id": "",
                "volume_id": "vol-0db928d0d4fed3002",
                "volume_size": 80,
                "volume_type": "gp2"
              }
            ],
            "security_groups": [
              "default"
            ],
            "source_dest_check": true,
            "subnet_id": "subnet-a150cfd7",
            "tags": {
              "App": "AO",
              "Name": "zoran-server-ao-1",
              "Role": "AO-cluster-node"
            },
            "tenancy": "default",
            "timeouts": null,
            "user_data": null,
            "user_data_base64": null,
            "volume_tags": {},
            "vpc_security_group_ids": [
              "sg-99d787ff"
            ]
          },
          "private": "eyJlMmJmYjczMC1lY2FhLTExZTYtOGY4OC0zNDM2M2JjN2M0YzAiOnsiY3JlYXRlIjo2MDAwMDAwMDAwMDAsImRlbGV0ZSI6MTIwMDAwMDAwMDAwMCwidXBkYXRlIjo2MDAwMDAwMDAwMDB9LCJzY2hlbWFfdmVyc2lvbiI6IjEifQ=="
        },
        {
          "index_key": 1,
          "schema_version": 1,
          "attributes": {
            "ami": "ami-003d8924a33dc0fd7",
            "arn": "arn:aws:ec2:us-west-2:692905895224:instance/i-032ee6be8cbb8eb5f",
            "associate_public_ip_address": true,
            "availability_zone": "us-west-2a",
            "cpu_core_count": 4,
            "cpu_threads_per_core": 2,
            "credit_specification": [],
            "disable_api_termination": false,
            "ebs_block_device": [
              {
                "delete_on_termination": true,
                "device_name": "/dev/sdg",
                "encrypted": true,
                "iops": 900,
                "kms_key_id": "arn:aws:kms:us-west-2:692905895224:key/d3b42e9a-07d8-4153-92c6-7c45f2d2023c",
                "snapshot_id": "",
                "volume_id": "vol-04f8ff1f4a0f7c88a",
                "volume_size": 300,
                "volume_type": "gp2"
              }
            ],
            "ebs_optimized": false,
            "ephemeral_block_device": [],
            "get_password_data": false,
            "hibernation": false,
            "host_id": null,
            "iam_instance_profile": "",
            "id": "i-032ee6be8cbb8eb5f",
            "instance_initiated_shutdown_behavior": null,
            "instance_state": "running",
            "instance_type": "m4.2xlarge",
            "ipv6_address_count": 0,
            "ipv6_addresses": [],
            "key_name": "AO_command",
            "metadata_options": [
              {
                "http_endpoint": "enabled",
                "http_put_response_hop_limit": 1,
                "http_tokens": "optional"
              }
            ],
            "monitoring": false,
            "network_interface": [],
            "network_interface_id": null,
            "password_data": "",
            "placement_group": "",
            "primary_network_interface_id": "eni-068b08f9bda6d6c4b",
            "private_dns": "ip-172-31-42-47.us-west-2.compute.internal",
            "private_ip": "172.31.42.47",
            "public_dns": "ec2-34-219-188-144.us-west-2.compute.amazonaws.com",
            "public_ip": "34.219.188.144",
            "root_block_device": [
              {
                "delete_on_termination": true,
                "encrypted": false,
                "iops": 240,
                "kms_key_id": "",
                "volume_id": "vol-06066c3f35e41468a",
                "volume_size": 80,
                "volume_type": "gp2"
              }
            ],
            "security_groups": [
              "default"
            ],
            "source_dest_check": true,
            "subnet_id": "subnet-a150cfd7",
            "tags": {
              "App": "AO",
              "Name": "zoran-server-ao-2",
              "Role": "AO-cluster-node"
            },
            "tenancy": "default",
            "timeouts": null,
            "user_data": null,
            "user_data_base64": null,
            "volume_tags": {},
            "vpc_security_group_ids": [
              "sg-99d787ff"
            ]
          },
          "private": "eyJlMmJmYjczMC1lY2FhLTExZTYtOGY4OC0zNDM2M2JjN2M0YzAiOnsiY3JlYXRlIjo2MDAwMDAwMDAwMDAsImRlbGV0ZSI6MTIwMDAwMDAwMDAwMCwidXBkYXRlIjo2MDAwMDAwMDAwMDB9LCJzY2hlbWFfdmVyc2lvbiI6IjEifQ=="
        },
        {
          "index_key": 2,
          "schema_version": 1,
          "attributes": {
            "ami": "ami-003d8924a33dc0fd7",
            "arn": "arn:aws:ec2:us-west-2:692905895224:instance/i-042243b34a8f89c37",
            "associate_public_ip_address": true,
            "availability_zone": "us-west-2a",
            "cpu_core_count": 4,
            "cpu_threads_per_core": 2,
            "credit_specification": [],
            "disable_api_termination": false,
            "ebs_block_device": [
              {
                "delete_on_termination": true,
                "device_name": "/dev/sdg",
                "encrypted": true,
                "iops": 900,
                "kms_key_id": "arn:aws:kms:us-west-2:692905895224:key/d3b42e9a-07d8-4153-92c6-7c45f2d2023c",
                "snapshot_id": "",
                "volume_id": "vol-0f907a6d637ee6b15",
                "volume_size": 300,
                "volume_type": "gp2"
              }
            ],
            "ebs_optimized": false,
            "ephemeral_block_device": [],
            "get_password_data": false,
            "hibernation": false,
            "host_id": null,
            "iam_instance_profile": "",
            "id": "i-042243b34a8f89c37",
            "instance_initiated_shutdown_behavior": null,
            "instance_state": "running",
            "instance_type": "m4.2xlarge",
            "ipv6_address_count": 0,
            "ipv6_addresses": [],
            "key_name": "AO_command",
            "metadata_options": [
              {
                "http_endpoint": "enabled",
                "http_put_response_hop_limit": 1,
                "http_tokens": "optional"
              }
            ],
            "monitoring": false,
            "network_interface": [],
            "network_interface_id": null,
            "password_data": "",
            "placement_group": "",
            "primary_network_interface_id": "eni-093d43e7b46f3efba",
            "private_dns": "ip-172-31-35-6.us-west-2.compute.internal",
            "private_ip": "172.31.35.6",
            "public_dns": "ec2-54-191-20-211.us-west-2.compute.amazonaws.com",
            "public_ip": "54.191.20.211",
            "root_block_device": [
              {
                "delete_on_termination": true,
                "encrypted": false,
                "iops": 240,
                "kms_key_id": "",
                "volume_id": "vol-0be8f01912b192e04",
                "volume_size": 80,
                "volume_type": "gp2"
              }
            ],
            "security_groups": [
              "default"
            ],
            "source_dest_check": true,
            "subnet_id": "subnet-a150cfd7",
            "tags": {
              "App": "AO",
              "Name": "zoran-server-ao-3",
              "Role": "AO-cluster-node"
            },
            "tenancy": "default",
            "timeouts": null,
            "user_data": null,
            "user_data_base64": null,
            "volume_tags": {},
            "vpc_security_group_ids": [
              "sg-99d787ff"
            ]
          },
          "private": "eyJlMmJmYjczMC1lY2FhLTExZTYtOGY4OC0zNDM2M2JjN2M0YzAiOnsiY3JlYXRlIjo2MDAwMDAwMDAwMDAsImRlbGV0ZSI6MTIwMDAwMDAwMDAwMCwidXBkYXRlIjo2MDAwMDAwMDAwMDB9LCJzY2hlbWFfdmVyc2lvbiI6IjEifQ=="
        },
        {
          "index_key": 3,
          "schema_version": 1,
          "attributes": {
            "ami": "ami-003d8924a33dc0fd7",
            "arn": "arn:aws:ec2:us-west-2:692905895224:instance/i-06639470735ba0330",
            "associate_public_ip_address": true,
            "availability_zone": "us-west-2a",
            "cpu_core_count": 4,
            "cpu_threads_per_core": 2,
            "credit_specification": [],
            "disable_api_termination": false,
            "ebs_block_device": [
              {
                "delete_on_termination": true,
                "device_name": "/dev/sdg",
                "encrypted": true,
                "iops": 900,
                "kms_key_id": "arn:aws:kms:us-west-2:692905895224:key/d3b42e9a-07d8-4153-92c6-7c45f2d2023c",
                "snapshot_id": "",
                "volume_id": "vol-01c31028292b21d74",
                "volume_size": 300,
                "volume_type": "gp2"
              }
            ],
            "ebs_optimized": false,
            "ephemeral_block_device": [],
            "get_password_data": false,
            "hibernation": false,
            "host_id": null,
            "iam_instance_profile": "",
            "id": "i-06639470735ba0330",
            "instance_initiated_shutdown_behavior": null,
            "instance_state": "running",
            "instance_type": "m4.2xlarge",
            "ipv6_address_count": 0,
            "ipv6_addresses": [],
            "key_name": "AO_command",
            "metadata_options": [
              {
                "http_endpoint": "enabled",
                "http_put_response_hop_limit": 1,
                "http_tokens": "optional"
              }
            ],
            "monitoring": false,
            "network_interface": [],
            "network_interface_id": null,
            "password_data": "",
            "placement_group": "",
            "primary_network_interface_id": "eni-0fcb8abb306ab2e78",
            "private_dns": "ip-172-31-32-118.us-west-2.compute.internal",
            "private_ip": "172.31.32.118",
            "public_dns": "ec2-54-184-53-96.us-west-2.compute.amazonaws.com",
            "public_ip": "54.184.53.96",
            "root_block_device": [
              {
                "delete_on_termination": true,
                "encrypted": false,
                "iops": 240,
                "kms_key_id": "",
                "volume_id": "vol-0f12ed9aa70cbf853",
                "volume_size": 80,
                "volume_type": "gp2"
              }
            ],
            "security_groups": [
              "default"
            ],
            "source_dest_check": true,
            "subnet_id": "subnet-a150cfd7",
            "tags": {
              "App": "AO",
              "Name": "zoran-server-ao-4",
              "Role": "AO-cluster-node"
            },
            "tenancy": "default",
            "timeouts": null,
            "user_data": null,
            "user_data_base64": null,
            "volume_tags": {},
            "vpc_security_group_ids": [
              "sg-99d787ff"
            ]
          },
          "private": "eyJlMmJmYjczMC1lY2FhLTExZTYtOGY4OC0zNDM2M2JjN2M0YzAiOnsiY3JlYXRlIjo2MDAwMDAwMDAwMDAsImRlbGV0ZSI6MTIwMDAwMDAwMDAwMCwidXBkYXRlIjo2MDAwMDAwMDAwMDB9LCJzY2hlbWFfdmVyc2lvbiI6IjEifQ=="
        }
      ]
    }
  ]
}
